
Microsoft Visual Studio Solution File, Format Version 12.00
# Visual Studio 15
Project("{FAE04EC0-301F-11D3-BF4B-00C04F79EFBC}") = "Assembly-CSharp", "Assembly-CSharp.csproj", "{AEADBEE0-F993-CC8D-D7EA-0BC8F28C6EB5}"
EndProject
Project("{FAE04EC0-301F-11D3-BF4B-00C04F79EFBC}") = "PhotonUnityNetworking.Demos", "PhotonUnityNetworking.Demos.csproj", "{D9E59EED-403C-336F-009C-37FB1E696B05}"
EndProject
Project("{FAE04EC0-301F-11D3-BF4B-00C04F79EFBC}") = "PhotonUnityNetworking.Utilities", "PhotonUnityNetworking.Utilities.csproj", "{F290272A-84D4-1DEC-5966-837EEDF18FC5}"
EndProject
Project("{FAE04EC0-301F-11D3-BF4B-00C04F79EFBC}") = "PhotonChat", "PhotonChat.csproj", "{62A35BF6-03D0-42FA-9511-26A02A3C81D4}"
EndProject
Project("{FAE04EC0-301F-11D3-BF4B-00C04F79EFBC}") = "PhotonUnityNetworking", "PhotonUnityNetworking.csproj", "{D1246C68-5AE9-EE2E-C767-5B131F0B241B}"
EndProject
Project("{FAE04EC0-301F-11D3-BF4B-00C04F79EFBC}") = "PhotonRealtime", "PhotonRealtime.csproj", "{795F477E-7808-B389-708B-A9711A650D1F}"
EndProject
Project("{FAE04EC0-301F-11D3-BF4B-00C04F79EFBC}") = "Assembly-CSharp-Editor", "Assembly-CSharp-Editor.csproj", "{EDE7A1D5-2669-8C43-199A-B51D43A4CEC9}"
EndProject
Project("{FAE04EC0-301F-11D3-BF4B-00C04F79EFBC}") = "PhotonUnityNetworking.Editor", "PhotonUnityNetworking.Editor.csproj", "{A741DEE1-26A0-BEF1-A681-F81878B13ABD}"
EndProject
Project("{FAE04EC0-301F-11D3-BF4B-00C04F79EFBC}") = "PunDemos.DemoSlotcarEditor", "PunDemos.DemoSlotcarEditor.csproj", "{27FAF932-D045-C476-4707-4EB66BD7BE79}"
EndProject
Project("{FAE04EC0-301F-11D3-BF4B-00C04F79EFBC}") = "PhotonUnityNetworking.Utilities.PhotonPlayer.Editor", "PhotonUnityNetworking.Utilities.PhotonPlayer.Editor.csproj", "{55884AE5-016E-725A-5BF2-190344A29298}"
EndProject
Project("{FAE04EC0-301F-11D3-BF4B-00C04F79EFBC}") = "PhotonUnityNetworking.Utilities.Culling.Editor", "PhotonUnityNetworking.Utilities.Culling.Editor.csproj", "{67392E51-4FD5-5C13-F5E8-95F7621B0DE3}"
EndProject
Project("{FAE04EC0-301F-11D3-BF4B-00C04F79EFBC}") = "PunDemos.DemoHubEditor", "PunDemos.DemoHubEditor.csproj", "{C94BA40F-DCC4-89D0-C471-6582E7AA50F4}"
EndProject
Global
	GlobalSection(SolutionConfigurationPlatforms) = preSolution
		Debug|Any CPU = Debug|Any CPU
		Release|Any CPU = Release|Any CPU
	EndGlobalSection
	GlobalSection(ProjectConfigurationPlatforms) = postSolution
		{AEADBEE0-F993-CC8D-D7EA-0BC8F28C6EB5}.Debug|Any CPU.ActiveCfg = Debug|Any CPU
		{AEADBEE0-F993-CC8D-D7EA-0BC8F28C6EB5}.Debug|Any CPU.Build.0 = Debug|Any CPU
		{AEADBEE0-F993-CC8D-D7EA-0BC8F28C6EB5}.Release|Any CPU.ActiveCfg = Release|Any CPU
		{AEADBEE0-F993-CC8D-D7EA-0BC8F28C6EB5}.Release|Any CPU.Build.0 = Release|Any CPU
		{D9E59EED-403C-336F-009C-37FB1E696B05}.Debug|Any CPU.ActiveCfg = Debug|Any CPU
		{D9E59EED-403C-336F-009C-37FB1E696B05}.Debug|Any CPU.Build.0 = Debug|Any CPU
		{D9E59EED-403C-336F-009C-37FB1E696B05}.Release|Any CPU.ActiveCfg = Release|Any CPU
		{D9E59EED-403C-336F-009C-37FB1E696B05}.Release|Any CPU.Build.0 = Release|Any CPU
		{F290272A-84D4-1DEC-5966-837EEDF18FC5}.Debug|Any CPU.ActiveCfg = Debug|Any CPU
		{F290272A-84D4-1DEC-5966-837EEDF18FC5}.Debug|Any CPU.Build.0 = Debug|Any CPU
		{F290272A-84D4-1DEC-5966-837EEDF18FC5}.Release|Any CPU.ActiveCfg = Release|Any CPU
		{F290272A-84D4-1DEC-5966-837EEDF18FC5}.Release|Any CPU.Build.0 = Release|Any CPU
		{62A35BF6-03D0-42FA-9511-26A02A3C81D4}.Debug|Any CPU.ActiveCfg = Debug|Any CPU
		{62A35BF6-03D0-42FA-9511-26A02A3C81D4}.Debug|Any CPU.Build.0 = Debug|Any CPU
		{62A35BF6-03D0-42FA-9511-26A02A3C81D4}.Release|Any CPU.ActiveCfg = Release|Any CPU
		{62A35BF6-03D0-42FA-9511-26A02A3C81D4}.Release|Any CPU.Build.0 = Release|Any CPU
		{D1246C68-5AE9-EE2E-C767-5B131F0B241B}.Debug|Any CPU.ActiveCfg = Debug|Any CPU
		{D1246C68-5AE9-EE2E-C767-5B131F0B241B}.Debug|Any CPU.Build.0 = Debug|Any CPU
		{D1246C68-5AE9-EE2E-C767-5B131F0B241B}.Release|Any CPU.ActiveCfg = Release|Any CPU
		{D1246C68-5AE9-EE2E-C767-5B131F0B241B}.Release|Any CPU.Build.0 = Release|Any CPU
		{795F477E-7808-B389-708B-A9711A650D1F}.Debug|Any CPU.ActiveCfg = Debug|Any CPU
		{795F477E-7808-B389-708B-A9711A650D1F}.Debug|Any CPU.Build.0 = Debug|Any CPU
		{795F477E-7808-B389-708B-A9711A650D1F}.Release|Any CPU.ActiveCfg = Release|Any CPU
		{795F477E-7808-B389-708B-A9711A650D1F}.Release|Any CPU.Build.0 = Release|Any CPU
		{EDE7A1D5-2669-8C43-199A-B51D43A4CEC9}.Debug|Any CPU.ActiveCfg = Debug|Any CPU
		{EDE7A1D5-2669-8C43-199A-B51D43A4CEC9}.Debug|Any CPU.Build.0 = Debug|Any CPU
		{EDE7A1D5-2669-8C43-199A-B51D43A4CEC9}.Release|Any CPU.ActiveCfg = Release|Any CPU
		{EDE7A1D5-2669-8C43-199A-B51D43A4CEC9}.Release|Any CPU.Build.0 = Release|Any CPU
		{A741DEE1-26A0-BEF1-A681-F81878B13ABD}.Debug|Any CPU.ActiveCfg = Debug|Any CPU
		{A741DEE1-26A0-BEF1-A681-F81878B13ABD}.Debug|Any CPU.Build.0 = Debug|Any CPU
		{A741DEE1-26A0-BEF1-A681-F81878B13ABD}.Release|Any CPU.ActiveCfg = Release|Any CPU
		{A741DEE1-26A0-BEF1-A681-F81878B13ABD}.Release|Any CPU.Build.0 = Release|Any CPU
		{27FAF932-D045-C476-4707-4EB66BD7BE79}.Debug|Any CPU.ActiveCfg = Debug|Any CPU
		{27FAF932-D045-C476-4707-4EB66BD7BE79}.Debug|Any CPU.Build.0 = Debug|Any CPU
		{27FAF932-D045-C476-4707-4EB66BD7BE79}.Release|Any CPU.ActiveCfg = Release|Any CPU
		{27FAF932-D045-C476-4707-4EB66BD7BE79}.Release|Any CPU.Build.0 = Release|Any CPU
		{55884AE5-016E-725A-5BF2-190344A29298}.Debug|Any CPU.ActiveCfg = Debug|Any CPU
		{55884AE5-016E-725A-5BF2-190344A29298}.Debug|Any CPU.Build.0 = Debug|Any CPU
		{55884AE5-016E-725A-5BF2-190344A29298}.Release|Any CPU.ActiveCfg = Release|Any CPU
		{55884AE5-016E-725A-5BF2-190344A29298}.Release|Any CPU.Build.0 = Release|Any CPU
		{67392E51-4FD5-5C13-F5E8-95F7621B0DE3}.Debug|Any CPU.ActiveCfg = Debug|Any CPU
		{67392E51-4FD5-5C13-F5E8-95F7621B0DE3}.Debug|Any CPU.Build.0 = Debug|Any CPU
		{67392E51-4FD5-5C13-F5E8-95F7621B0DE3}.Release|Any CPU.ActiveCfg = Release|Any CPU
		{67392E51-4FD5-5C13-F5E8-95F7621B0DE3}.Release|Any CPU.Build.0 = Release|Any CPU
		{C94BA40F-DCC4-89D0-C471-6582E7AA50F4}.Debug|Any CPU.ActiveCfg = Debug|Any CPU
		{C94BA40F-DCC4-89D0-C471-6582E7AA50F4}.Debug|Any CPU.Build.0 = Debug|Any CPU
		{C94BA40F-DCC4-89D0-C471-6582E7AA50F4}.Release|Any CPU.ActiveCfg = Release|Any CPU
		{C94BA40F-DCC4-89D0-C471-6582E7AA50F4}.Release|Any CPU.Build.0 = Release|Any CPU
	EndGlobalSection
	GlobalSection(SolutionProperties) = preSolution
		HideSolutionNode = FALSE
	EndGlobalSection
EndGlobal
